
Microsoft Visual Studio Solution File, Format Version 12.00
# Visual Studio Version 17
VisualStudioVersion = 17.4.33122.133
MinimumVisualStudioVersion = 10.0.40219.1
Project("{9A19103F-16F7-4668-BE54-9A1E7A4F7556}") = "WhatsappConnector", "CloseConnection\WhatsappConnector.csproj", "{A72A329C-9E1B-4E52-8FCD-E7B2E1A75EB9}"
EndProject
Global
	GlobalSection(SolutionConfigurationPlatforms) = preSolution
		Debug|Any CPU = Debug|Any CPU
		Release|Any CPU = Release|Any CPU
	EndGlobalSection
	GlobalSection(ProjectConfigurationPlatforms) = postSolution
		{A72A329C-9E1B-4E52-8FCD-E7B2E1A75EB9}.Debug|Any CPU.ActiveCfg = Debug|Any CPU
		{A72A329C-9E1B-4E52-8FCD-E7B2E1A75EB9}.Debug|Any CPU.Build.0 = Debug|Any CPU
		{A72A329C-9E1B-4E52-8FCD-E7B2E1A75EB9}.Release|Any CPU.ActiveCfg = Release|Any CPU
		{A72A329C-9E1B-4E52-8FCD-E7B2E1A75EB9}.Release|Any CPU.Build.0 = Release|Any CPU
	EndGlobalSection
	GlobalSection(SolutionProperties) = preSolution
		HideSolutionNode = FALSE
	EndGlobalSection
	GlobalSection(ExtensibilityGlobals) = postSolution
		SolutionGuid = {E4A5C1EE-D1AE-4021-8B20-5446A96A1702}
	EndGlobalSection
EndGlobal
